{
  "name": "rollpost-web",
  "lockfileVersion": 3,
  "requires": true,
  "packages": {
    "": {
      "dependencies": {
        "@rollpost/contract": "^0.1.0"
      }
    },
    "node_modules/@rollpost/contract": {
      "version": "0.1.0",
      "resolved": "https://npm.pkg.github.com/download/@rollpost/contract/0.1.0/fa459fa854ce0f71241089f17a4c8074005f0fe7",
      "integrity": "sha512-DJuS+Y1D+ydAvaY+N7SBbZp5tmGRAl+71aMKBVdAIOcyXiP2XDMtZtRQ4uDOfBJmHk3N2WuLpPvGdbQ6bYG8xA==",
      "license": "ISC"
    }
  }
}
